
Microsoft Visual Studio Solution File, Format Version 12.00
# Visual Studio Version 16
VisualStudioVersion = 16.0.30517.126
MinimumVisualStudioVersion = 10.0.40219.1
Project("{FAE04EC0-301F-11D3-BF4B-00C04F79EFBC}") = "FileHandlerWeb", "FileHandlerWeb\FileHandlerWeb.csproj", "{E55214F4-A7E6-4449-9DCC-16130EC168C8}"
EndProject
Project("{FAE04EC0-301F-11D3-BF4B-00C04F79EFBC}") = "FileLibary", "FileLibary\FileLibary.csproj", "{DC380194-3DC4-48A6-8B40-B8F0869A7E8B}"
EndProject
Project("{FAE04EC0-301F-11D3-BF4B-00C04F79EFBC}") = "WebLibrary", "BaseImpClass\WebLibrary.csproj", "{953AE5FA-E49F-4471-AA83-4136CE3BAC9A}"
EndProject
Project("{FAE04EC0-301F-11D3-BF4B-00C04F79EFBC}") = "DemoLibrary", "DemoLibrary\DemoLibrary.csproj", "{8A80F0B0-C289-40A3-8AC0-F0CFF0B0C7E2}"
EndProject
Global
	GlobalSection(SolutionConfigurationPlatforms) = preSolution
		Debug|Any CPU = Debug|Any CPU
		Release|Any CPU = Release|Any CPU
	EndGlobalSection
	GlobalSection(ProjectConfigurationPlatforms) = postSolution
		{E55214F4-A7E6-4449-9DCC-16130EC168C8}.Debug|Any CPU.ActiveCfg = Debug|Any CPU
		{E55214F4-A7E6-4449-9DCC-16130EC168C8}.Debug|Any CPU.Build.0 = Debug|Any CPU
		{E55214F4-A7E6-4449-9DCC-16130EC168C8}.Release|Any CPU.ActiveCfg = Release|Any CPU
		{E55214F4-A7E6-4449-9DCC-16130EC168C8}.Release|Any CPU.Build.0 = Release|Any CPU
		{DC380194-3DC4-48A6-8B40-B8F0869A7E8B}.Debug|Any CPU.ActiveCfg = Debug|Any CPU
		{DC380194-3DC4-48A6-8B40-B8F0869A7E8B}.Debug|Any CPU.Build.0 = Debug|Any CPU
		{DC380194-3DC4-48A6-8B40-B8F0869A7E8B}.Release|Any CPU.ActiveCfg = Release|Any CPU
		{DC380194-3DC4-48A6-8B40-B8F0869A7E8B}.Release|Any CPU.Build.0 = Release|Any CPU
		{953AE5FA-E49F-4471-AA83-4136CE3BAC9A}.Debug|Any CPU.ActiveCfg = Debug|Any CPU
		{953AE5FA-E49F-4471-AA83-4136CE3BAC9A}.Debug|Any CPU.Build.0 = Debug|Any CPU
		{953AE5FA-E49F-4471-AA83-4136CE3BAC9A}.Release|Any CPU.ActiveCfg = Release|Any CPU
		{953AE5FA-E49F-4471-AA83-4136CE3BAC9A}.Release|Any CPU.Build.0 = Release|Any CPU
		{8A80F0B0-C289-40A3-8AC0-F0CFF0B0C7E2}.Debug|Any CPU.ActiveCfg = Debug|Any CPU
		{8A80F0B0-C289-40A3-8AC0-F0CFF0B0C7E2}.Debug|Any CPU.Build.0 = Debug|Any CPU
		{8A80F0B0-C289-40A3-8AC0-F0CFF0B0C7E2}.Release|Any CPU.ActiveCfg = Release|Any CPU
		{8A80F0B0-C289-40A3-8AC0-F0CFF0B0C7E2}.Release|Any CPU.Build.0 = Release|Any CPU
	EndGlobalSection
	GlobalSection(SolutionProperties) = preSolution
		HideSolutionNode = FALSE
	EndGlobalSection
	GlobalSection(ExtensibilityGlobals) = postSolution
		SolutionGuid = {DF416A56-A38C-4D9B-8A27-3EED70FF142F}
	EndGlobalSection
EndGlobal
